// !$*UTF8*$!
{
	archiveVersion = 1;
	classes = {
	};
	objectVersion = 52;
	objects = {

/* Begin PBXBuildFile section */
		EA29C56826DA92FB00971DA5 /* DesignableTextField.swift in Sources */ = {isa = PBXBuildFile; fileRef = EA29C56726DA92FB00971DA5 /* DesignableTextField.swift */; };
		EA29C56A26DA933800971DA5 /* BunceButton.swift in Sources */ = {isa = PBXBuildFile; fileRef = EA29C56926DA933800971DA5 /* BunceButton.swift */; };
		EA29C56C26DA937C00971DA5 /* DesignButton.swift in Sources */ = {isa = PBXBuildFile; fileRef = EA29C56B26DA937C00971DA5 /* DesignButton.swift */; };
		EA29C56E26DA941B00971DA5 /* Montserrat-SemiBold.ttf in Resources */ = {isa = PBXBuildFile; fileRef = EA29C56D26DA941B00971DA5 /* Montserrat-SemiBold.ttf */; };
		EAC9F1E026DA8A070092D3CB /* AppDelegate.swift in Sources */ = {isa = PBXBuildFile; fileRef = EAC9F1DF26DA8A070092D3CB /* AppDelegate.swift */; };
		EAC9F1E226DA8A070092D3CB /* SceneDelegate.swift in Sources */ = {isa = PBXBuildFile; fileRef = EAC9F1E126DA8A070092D3CB /* SceneDelegate.swift */; };
		EAC9F1E426DA8A070092D3CB /* WeatherViewController.swift in Sources */ = {isa = PBXBuildFile; fileRef = EAC9F1E326DA8A070092D3CB /* WeatherViewController.swift */; };
		EAC9F1E726DA8A070092D3CB /* Main.storyboard in Resources */ = {isa = PBXBuildFile; fileRef = EAC9F1E526DA8A070092D3CB /* Main.storyboard */; };
		EAC9F1E926DA8A090092D3CB /* Assets.xcassets in Resources */ = {isa = PBXBuildFile; fileRef = EAC9F1E826DA8A090092D3CB /* Assets.xcassets */; };
		EAC9F1EC26DA8A090092D3CB /* LaunchScreen.storyboard in Resources */ = {isa = PBXBuildFile; fileRef = EAC9F1EA26DA8A090092D3CB /* LaunchScreen.storyboard */; };
		EAC9F1F926DA8B6F0092D3CB /* WeatherDataModel.swift in Sources */ = {isa = PBXBuildFile; fileRef = EAC9F1F826DA8B6F0092D3CB /* WeatherDataModel.swift */; };
		EAD8154D26DAAB2B0053CF6C /* ChangeCityViewController.swift in Sources */ = {isa = PBXBuildFile; fileRef = EAD8154C26DAAB2B0053CF6C /* ChangeCityViewController.swift */; };
		EAD8155026DAAC680053CF6C /* Alamofire in Frameworks */ = {isa = PBXBuildFile; productRef = EAD8154F26DAAC680053CF6C /* Alamofire */; };
		EAD8155326DAACC40053CF6C /* SwiftyJSON in Frameworks */ = {isa = PBXBuildFile; productRef = EAD8155226DAACC40053CF6C /* SwiftyJSON */; };
/* End PBXBuildFile section */

/* Begin PBXFileReference section */
		EA29C56726DA92FB00971DA5 /* DesignableTextField.swift */ = {isa = PBXFileReference; lastKnownFileType = sourcecode.swift; path = DesignableTextField.swift; sourceTree = "<group>"; };
		EA29C56926DA933800971DA5 /* BunceButton.swift */ = {isa = PBXFileReference; lastKnownFileType = sourcecode.swift; path = BunceButton.swift; sourceTree = "<group>"; };
		EA29C56B26DA937C00971DA5 /* DesignButton.swift */ = {isa = PBXFileReference; lastKnownFileType = sourcecode.swift; path = DesignButton.swift; sourceTree = "<group>"; };
		EA29C56D26DA941B00971DA5 /* Montserrat-SemiBold.ttf */ = {isa = PBXFileReference; lastKnownFileType = file; path = "Montserrat-SemiBold.ttf"; sourceTree = "<group>"; };
		EAC9F1DC26DA8A070092D3CB /* OpenWeather.app */ = {isa = PBXFileReference; explicitFileType = wrapper.application; includeInIndex = 0; path = OpenWeather.app; sourceTree = BUILT_PRODUCTS_DIR; };
		EAC9F1DF26DA8A070092D3CB /* AppDelegate.swift */ = {isa = PBXFileReference; lastKnownFileType = sourcecode.swift; path = AppDelegate.swift; sourceTree = "<group>"; };
		EAC9F1E126DA8A070092D3CB /* SceneDelegate.swift */ = {isa = PBXFileReference; lastKnownFileType = sourcecode.swift; path = SceneDelegate.swift; sourceTree = "<group>"; };
		EAC9F1E326DA8A070092D3CB /* WeatherViewController.swift */ = {isa = PBXFileReference; lastKnownFileType = sourcecode.swift; path = WeatherViewController.swift; sourceTree = "<group>"; };
		EAC9F1E626DA8A070092D3CB /* Base */ = {isa = PBXFileReference; lastKnownFileType = file.storyboard; name = Base; path = Base.lproj/Main.storyboard; sourceTree = "<group>"; };
		EAC9F1E826DA8A090092D3CB /* Assets.xcassets */ = {isa = PBXFileReference; lastKnownFileType = folder.assetcatalog; path = Assets.xcassets; sourceTree = "<group>"; };
		EAC9F1EB26DA8A090092D3CB /* Base */ = {isa = PBXFileReference; lastKnownFileType = file.storyboard; name = Base; path = Base.lproj/LaunchScreen.storyboard; sourceTree = "<group>"; };
		EAC9F1ED26DA8A090092D3CB /* Info.plist */ = {isa = PBXFileReference; lastKnownFileType = text.plist.xml; path = Info.plist; sourceTree = "<group>"; };
		EAC9F1F826DA8B6F0092D3CB /* WeatherDataModel.swift */ = {isa = PBXFileReference; lastKnownFileType = sourcecode.swift; path = WeatherDataModel.swift; sourceTree = "<group>"; };
		EAD8154C26DAAB2B0053CF6C /* ChangeCityViewController.swift */ = {isa = PBXFileReference; lastKnownFileType = sourcecode.swift; path = ChangeCityViewController.swift; sourceTree = "<group>"; };
/* End PBXFileReference section */

/* Begin PBXFrameworksBuildPhase section */
		EAC9F1D926DA8A070092D3CB /* Frameworks */ = {
			isa = PBXFrameworksBuildPhase;
			buildActionMask = 2147483647;
			files = (
				EAD8155326DAACC40053CF6C /* SwiftyJSON in Frameworks */,
				EAD8155026DAAC680053CF6C /* Alamofire in Frameworks */,
			);
			runOnlyForDeploymentPostprocessing = 0;
		};
/* End PBXFrameworksBuildPhase section */

/* Begin PBXGroup section */
		EAC9F1D326DA8A070092D3CB = {
			isa = PBXGroup;
			children = (
				EAC9F1DE26DA8A070092D3CB /* OpenWeather */,
				EAC9F1DD26DA8A070092D3CB /* Products */,
			);
			sourceTree = "<group>";
		};
		EAC9F1DD26DA8A070092D3CB /* Products */ = {
			isa = PBXGroup;
			children = (
				EAC9F1DC26DA8A070092D3CB /* OpenWeather.app */,
			);
			name = Products;
			sourceTree = "<group>";
		};
		EAC9F1DE26DA8A070092D3CB /* OpenWeather */ = {
			isa = PBXGroup;
			children = (
				EAC9F1F626DA8A3E0092D3CB /* ExtraResource */,
				EAC9F1F326DA8A210092D3CB /* Delegate */,
				EAC9F1F726DA8A500092D3CB /* Model */,
				EAC9F1F526DA8A340092D3CB /* View */,
				EAC9F1F426DA8A290092D3CB /* Controller */,
				EAC9F1E826DA8A090092D3CB /* Assets.xcassets */,
				EAC9F1ED26DA8A090092D3CB /* Info.plist */,
			);
			path = OpenWeather;
			sourceTree = "<group>";
		};
		EAC9F1F326DA8A210092D3CB /* Delegate */ = {
			isa = PBXGroup;
			children = (
				EAC9F1DF26DA8A070092D3CB /* AppDelegate.swift */,
				EAC9F1E126DA8A070092D3CB /* SceneDelegate.swift */,
			);
			path = Delegate;
			sourceTree = "<group>";
		};
		EAC9F1F426DA8A290092D3CB /* Controller */ = {
			isa = PBXGroup;
			children = (
				EAC9F1E326DA8A070092D3CB /* WeatherViewController.swift */,
				EAD8154C26DAAB2B0053CF6C /* ChangeCityViewController.swift */,
			);
			path = Controller;
			sourceTree = "<group>";
		};
		EAC9F1F526DA8A340092D3CB /* View */ = {
			isa = PBXGroup;
			children = (
				EAC9F1E526DA8A070092D3CB /* Main.storyboard */,
				EAC9F1EA26DA8A090092D3CB /* LaunchScreen.storyboard */,
			);
			path = View;
			sourceTree = "<group>";
		};
		EAC9F1F626DA8A3E0092D3CB /* ExtraResource */ = {
			isa = PBXGroup;
			children = (
				EA29C56726DA92FB00971DA5 /* DesignableTextField.swift */,
				EA29C56926DA933800971DA5 /* BunceButton.swift */,
				EA29C56B26DA937C00971DA5 /* DesignButton.swift */,
				EA29C56D26DA941B00971DA5 /* Montserrat-SemiBold.ttf */,
			);
			path = ExtraResource;
			sourceTree = "<group>";
		};
		EAC9F1F726DA8A500092D3CB /* Model */ = {
			isa = PBXGroup;
			children = (
				EAC9F1F826DA8B6F0092D3CB /* WeatherDataModel.swift */,
			);
			path = Model;
			sourceTree = "<group>";
		};
/* End PBXGroup section */

/* Begin PBXNativeTarget section */
		EAC9F1DB26DA8A070092D3CB /* OpenWeather */ = {
			isa = PBXNativeTarget;
			buildConfigurationList = EAC9F1F026DA8A090092D3CB /* Build configuration list for PBXNativeTarget "OpenWeather" */;
			buildPhases = (
				EAC9F1D826DA8A070092D3CB /* Sources */,
				EAC9F1D926DA8A070092D3CB /* Frameworks */,
				EAC9F1DA26DA8A070092D3CB /* Resources */,
			);
			buildRules = (
			);
			dependencies = (
			);
			name = OpenWeather;
			packageProductDependencies = (
				EAD8154F26DAAC680053CF6C /* Alamofire */,
				EAD8155226DAACC40053CF6C /* SwiftyJSON */,
			);
			productName = OpenWeather;
			productReference = EAC9F1DC26DA8A070092D3CB /* OpenWeather.app */;
			productType = "com.apple.product-type.application";
		};
/* End PBXNativeTarget section */

/* Begin PBXProject section */
		EAC9F1D426DA8A070092D3CB /* Project object */ = {
			isa = PBXProject;
			attributes = {
				LastSwiftUpdateCheck = 1250;
				LastUpgradeCheck = 1250;
				TargetAttributes = {
					EAC9F1DB26DA8A070092D3CB = {
						CreatedOnToolsVersion = 12.5.1;
					};
				};
			};
			buildConfigurationList = EAC9F1D726DA8A070092D3CB /* Build configuration list for PBXProject "OpenWeather" */;
			compatibilityVersion = "Xcode 9.3";
			developmentRegion = en;
			hasScannedForEncodings = 0;
			knownRegions = (
				en,
				Base,
			);
			mainGroup = EAC9F1D326DA8A070092D3CB;
			packageReferences = (
				EAD8154E26DAAC680053CF6C /* XCRemoteSwiftPackageReference "Alamofire" */,
				EAD8155126DAACC40053CF6C /* XCRemoteSwiftPackageReference "SwiftyJSON" */,
			);
			productRefGroup = EAC9F1DD26DA8A070092D3CB /* Products */;
			projectDirPath = "";
			projectRoot = "";
			targets = (
				EAC9F1DB26DA8A070092D3CB /* OpenWeather */,
			);
		};
/* End PBXProject section */

/* Begin PBXResourcesBuildPhase section */
		EAC9F1DA26DA8A070092D3CB /* Resources */ = {
			isa = PBXResourcesBuildPhase;
			buildActionMask = 2147483647;
			files = (
				EAC9F1EC26DA8A090092D3CB /* LaunchScreen.storyboard in Resources */,
				EAC9F1E926DA8A090092D3CB /* Assets.xcassets in Resources */,
				EA29C56E26DA941B00971DA5 /* Montserrat-SemiBold.ttf in Resources */,
				EAC9F1E726DA8A070092D3CB /* Main.storyboard in Resources */,
			);
			runOnlyForDeploymentPostprocessing = 0;
		};
/* End PBXResourcesBuildPhase section */

/* Begin PBXSourcesBuildPhase section */
		EAC9F1D826DA8A070092D3CB /* Sources */ = {
			isa = PBXSourcesBuildPhase;
			buildActionMask = 2147483647;
			files = (
				EAC9F1F926DA8B6F0092D3CB /* WeatherDataModel.swift in Sources */,
				EAC9F1E426DA8A070092D3CB /* WeatherViewController.swift in Sources */,
				EA29C56826DA92FB00971DA5 /* DesignableTextField.swift in Sources */,
				EAC9F1E026DA8A070092D3CB /* AppDelegate.swift in Sources */,
				EA29C56C26DA937C00971DA5 /* DesignButton.swift in Sources */,
				EAC9F1E226DA8A070092D3CB /* SceneDelegate.swift in Sources */,
				EA29C56A26DA933800971DA5 /* BunceButton.swift in Sources */,
				EAD8154D26DAAB2B0053CF6C /* ChangeCityViewController.swift in Sources */,
			);
			runOnlyForDeploymentPostprocessing = 0;
		};
/* End PBXSourcesBuildPhase section */

/* Begin PBXVariantGroup section */
		EAC9F1E526DA8A070092D3CB /* Main.storyboard */ = {
			isa = PBXVariantGroup;
			children = (
				EAC9F1E626DA8A070092D3CB /* Base */,
			);
			name = Main.storyboard;
			sourceTree = "<group>";
		};
		EAC9F1EA26DA8A090092D3CB /* LaunchScreen.storyboard */ = {
			isa = PBXVariantGroup;
			children = (
				EAC9F1EB26DA8A090092D3CB /* Base */,
			);
			name = LaunchScreen.storyboard;
			sourceTree = "<group>";
		};
/* End PBXVariantGroup section */

/* Begin XCBuildConfiguration section */
		EAC9F1EE26DA8A090092D3CB /* Debug */ = {
			isa = XCBuildConfiguration;
			buildSettings = {
				ALWAYS_SEARCH_USER_PATHS = NO;
				CLANG_ANALYZER_NONNULL = YES;
				CLANG_ANALYZER_NUMBER_OBJECT_CONVERSION = YES_AGGRESSIVE;
				CLANG_CXX_LANGUAGE_STANDARD = "gnu++14";
				CLANG_CXX_LIBRARY = "libc++";
				CLANG_ENABLE_MODULES = YES;
				CLANG_ENABLE_OBJC_ARC = YES;
				CLANG_ENABLE_OBJC_WEAK = YES;
				CLANG_WARN_BLOCK_CAPTURE_AUTORELEASING = YES;
				CLANG_WARN_BOOL_CONVERSION = YES;
				CLANG_WARN_COMMA = YES;
				CLANG_WARN_CONSTANT_CONVERSION = YES;
				CLANG_WARN_DEPRECATED_OBJC_IMPLEMENTATIONS = YES;
				CLANG_WARN_DIRECT_OBJC_ISA_USAGE = YES_ERROR;
				CLANG_WARN_DOCUMENTATION_COMMENTS = YES;
				CLANG_WARN_EMPTY_BODY = YES;
				CLANG_WARN_ENUM_CONVERSION = YES;
				CLANG_WARN_INFINITE_RECURSION = YES;
				CLANG_WARN_INT_CONVERSION = YES;
				CLANG_WARN_NON_LITERAL_NULL_CONVERSION = YES;
				CLANG_WARN_OBJC_IMPLICIT_RETAIN_SELF = YES;
				CLANG_WARN_OBJC_LITERAL_CONVERSION = YES;
				CLANG_WARN_OBJC_ROOT_CLASS = YES_ERROR;
				CLANG_WARN_QUOTED_INCLUDE_IN_FRAMEWORK_HEADER = YES;
				CLANG_WARN_RANGE_LOOP_ANALYSIS = YES;
				CLANG_WARN_STRICT_PROTOTYPES = YES;
				CLANG_WARN_SUSPICIOUS_MOVE = YES;
				CLANG_WARN_UNGUARDED_AVAILABILITY = YES_AGGRESSIVE;
				CLANG_WARN_UNREACHABLE_CODE = YES;
				CLANG_WARN__DUPLICATE_METHOD_MATCH = YES;
				COPY_PHASE_STRIP = NO;
				DEBUG_INFORMATION_FORMAT = dwarf;
				ENABLE_STRICT_OBJC_MSGSEND = YES;
				ENABLE_TESTABILITY = YES;
				GCC_C_LANGUAGE_STANDARD = gnu11;
				GCC_DYNAMIC_NO_PIC = NO;
				GCC_NO_COMMON_BLOCKS = YES;
				GCC_OPTIMIZATION_LEVEL = 0;
				GCC_PREPROCESSOR_DEFINITIONS = (
					"DEBUG=1",
					"$(inherited)",
				);
				GCC_WARN_64_TO_32_BIT_CONVERSION = YES;
				GCC_WARN_ABOUT_RETURN_TYPE = YES_ERROR;
				GCC_WARN_UNDECLARED_SELECTOR = YES;
				GCC_WARN_UNINITIALIZED_AUTOS = YES_AGGRESSIVE;
				GCC_WARN_UNUSED_FUNCTION = YES;
				GCC_WARN_UNUSED_VARIABLE = YES;
				IPHONEOS_DEPLOYMENT_TARGET = 14.5;
				MTL_ENABLE_DEBUG_INFO = INCLUDE_SOURCE;
				MTL_FAST_MATH = YES;
				ONLY_ACTIVE_ARCH = YES;
				SDKROOT = iphoneos;
				SWIFT_ACTIVE_COMPILATION_CONDITIONS = DEBUG;
				SWIFT_OPTIMIZATION_LEVEL = "-Onone";
			};
			name = Debug;
		};
		EAC9F1EF26DA8A090092D3CB /* Release */ = {
			isa = XCBuildConfiguration;
			buildSettings = {
				ALWAYS_SEARCH_USER_PATHS = NO;
				CLANG_ANALYZER_NONNULL = YES;
				CLANG_ANALYZER_NUMBER_OBJECT_CONVERSION = YES_AGGRESSIVE;
				CLANG_CXX_LANGUAGE_STANDARD = "gnu++14";
				CLANG_CXX_LIBRARY = "libc++";
				CLANG_ENABLE_MODULES = YES;
				CLANG_ENABLE_OBJC_ARC = YES;
				CLANG_ENABLE_OBJC_WEAK = YES;
				CLANG_WARN_BLOCK_CAPTURE_AUTORELEASING = YES;
				CLANG_WARN_BOOL_CONVERSION = YES;
				CLANG_WARN_COMMA = YES;
				CLANG_WARN_CONSTANT_CONVERSION = YES;
				CLANG_WARN_DEPRECATED_OBJC_IMPLEMENTATIONS = YES;
				CLANG_WARN_DIRECT_OBJC_ISA_USAGE = YES_ERROR;
				CLANG_WARN_DOCUMENTATION_COMMENTS = YES;
				CLANG_WARN_EMPTY_BODY = YES;
				CLANG_WARN_ENUM_CONVERSION = YES;
				CLANG_WARN_INFINITE_RECURSION = YES;
				CLANG_WARN_INT_CONVERSION = YES;
				CLANG_WARN_NON_LITERAL_NULL_CONVERSION = YES;
				CLANG_WARN_OBJC_IMPLICIT_RETAIN_SELF = YES;
				CLANG_WARN_OBJC_LITERAL_CONVERSION = YES;
				CLANG_WARN_OBJC_ROOT_CLASS = YES_ERROR;
				CLANG_WARN_QUOTED_INCLUDE_IN_FRAMEWORK_HEADER = YES;
				CLANG_WARN_RANGE_LOOP_ANALYSIS = YES;
				CLANG_WARN_STRICT_PROTOTYPES = YES;
				CLANG_WARN_SUSPICIOUS_MOVE = YES;
				CLANG_WARN_UNGUARDED_AVAILABILITY = YES_AGGRESSIVE;
				CLANG_WARN_UNREACHABLE_CODE = YES;
				CLANG_WARN__DUPLICATE_METHOD_MATCH = YES;
				COPY_PHASE_STRIP = NO;
				DEBUG_INFORMATION_FORMAT = "dwarf-with-dsym";
				ENABLE_NS_ASSERTIONS = NO;
				ENABLE_STRICT_OBJC_MSGSEND = YES;
				GCC_C_LANGUAGE_STANDARD = gnu11;
				GCC_NO_COMMON_BLOCKS = YES;
				GCC_WARN_64_TO_32_BIT_CONVERSION = YES;
				GCC_WARN_ABOUT_RETURN_TYPE = YES_ERROR;
				GCC_WARN_UNDECLARED_SELECTOR = YES;
				GCC_WARN_UNINITIALIZED_AUTOS = YES_AGGRESSIVE;
				GCC_WARN_UNUSED_FUNCTION = YES;
				GCC_WARN_UNUSED_VARIABLE = YES;
				IPHONEOS_DEPLOYMENT_TARGET = 14.5;
				MTL_ENABLE_DEBUG_INFO = NO;
				MTL_FAST_MATH = YES;
				SDKROOT = iphoneos;
				SWIFT_COMPILATION_MODE = wholemodule;
				SWIFT_OPTIMIZATION_LEVEL = "-O";
				VALIDATE_PRODUCT = YES;
			};
			name = Release;
		};
		EAC9F1F126DA8A090092D3CB /* Debug */ = {
			isa = XCBuildConfiguration;
			buildSettings = {
				ASSETCATALOG_COMPILER_APPICON_NAME = AppIcon;
				ASSETCATALOG_COMPILER_GLOBAL_ACCENT_COLOR_NAME = AccentColor;
				CODE_SIGN_STYLE = Automatic;
				DEVELOPMENT_TEAM = RGYRWW864H;
				INFOPLIST_FILE = OpenWeather/Info.plist;
				LD_RUNPATH_SEARCH_PATHS = (
					"$(inherited)",
					"@executable_path/Frameworks",
				);
				PRODUCT_BUNDLE_IDENTIFIER = com.accenture.OpenWeather;
				PRODUCT_NAME = "$(TARGET_NAME)";
				SWIFT_VERSION = 5.0;
				TARGETED_DEVICE_FAMILY = "1,2";
			};
			name = Debug;
		};
		EAC9F1F226DA8A090092D3CB /* Release */ = {
			isa = XCBuildConfiguration;
			buildSettings = {
				ASSETCATALOG_COMPILER_APPICON_NAME = AppIcon;
				ASSETCATALOG_COMPILER_GLOBAL_ACCENT_COLOR_NAME = AccentColor;
				CODE_SIGN_STYLE = Automatic;
				DEVELOPMENT_TEAM = RGYRWW864H;
				INFOPLIST_FILE = OpenWeather/Info.plist;
				LD_RUNPATH_SEARCH_PATHS = (
					"$(inherited)",
					"@executable_path/Frameworks",
				);
				PRODUCT_BUNDLE_IDENTIFIER = com.accenture.OpenWeather;
				PRODUCT_NAME = "$(TARGET_NAME)";
				SWIFT_VERSION = 5.0;
				TARGETED_DEVICE_FAMILY = "1,2";
			};
			name = Release;
		};
/* End XCBuildConfiguration section */

/* Begin XCConfigurationList section */
		EAC9F1D726DA8A070092D3CB /* Build configuration list for PBXProject "OpenWeather" */ = {
			isa = XCConfigurationList;
			buildConfigurations = (
				EAC9F1EE26DA8A090092D3CB /* Debug */,
				EAC9F1EF26DA8A090092D3CB /* Release */,
			);
			defaultConfigurationIsVisible = 0;
			defaultConfigurationName = Release;
		};
		EAC9F1F026DA8A090092D3CB /* Build configuration list for PBXNativeTarget "OpenWeather" */ = {
			isa = XCConfigurationList;
			buildConfigurations = (
				EAC9F1F126DA8A090092D3CB /* Debug */,
				EAC9F1F226DA8A090092D3CB /* Release */,
			);
			defaultConfigurationIsVisible = 0;
			defaultConfigurationName = Release;
		};
/* End XCConfigurationList section */

/* Begin XCRemoteSwiftPackageReference section */
		EAD8154E26DAAC680053CF6C /* XCRemoteSwiftPackageReference "Alamofire" */ = {
			isa = XCRemoteSwiftPackageReference;
			repositoryURL = "https://github.com/Alamofire/Alamofire.git";
			requirement = {
				kind = upToNextMajorVersion;
				minimumVersion = 5.4.3;
			};
		};
		EAD8155126DAACC40053CF6C /* XCRemoteSwiftPackageReference "SwiftyJSON" */ = {
			isa = XCRemoteSwiftPackageReference;
			repositoryURL = "https://github.com/SwiftyJSON/SwiftyJSON.git";
			requirement = {
				kind = upToNextMajorVersion;
				minimumVersion = 5.0.1;
			};
		};
/* End XCRemoteSwiftPackageReference section */

/* Begin XCSwiftPackageProductDependency section */
		EAD8154F26DAAC680053CF6C /* Alamofire */ = {
			isa = XCSwiftPackageProductDependency;
			package = EAD8154E26DAAC680053CF6C /* XCRemoteSwiftPackageReference "Alamofire" */;
			productName = Alamofire;
		};
		EAD8155226DAACC40053CF6C /* SwiftyJSON */ = {
			isa = XCSwiftPackageProductDependency;
			package = EAD8155126DAACC40053CF6C /* XCRemoteSwiftPackageReference "SwiftyJSON" */;
			productName = SwiftyJSON;
		};
/* End XCSwiftPackageProductDependency section */
	};
	rootObject = EAC9F1D426DA8A070092D3CB /* Project object */;
}
